{
  "name": "aves",
  "lockfileVersion": 3,
  "requires": true,
  "packages": {
    "": {
      "devDependencies": {
        "@types/cors": "^2.8.19",
        "@types/pg": "^8.15.5"
      }
    },
    "node_modules/@types/cors": {
      "version": "2.8.19",
      "resolved": "https://registry.npmjs.org/@types/cors/-/cors-2.8.19.tgz",
      "integrity": "sha512-mFNylyeyqN93lfe/9CSxOGREz8cpzAhH+E93xJ4xWQf62V8sQ/24reV2nyzUWM6H6Xji+GGHpkbLe7pVoUEskg==",
      "dev": true,
      "license": "MIT",
      "dependencies": {
        "@types/node": "*"
      }
    },
    "node_modules/@types/node": {
      "version": "24.6.2",
      "resolved": "https://registry.npmjs.org/@types/node/-/node-24.6.2.tgz",
      "integrity": "sha512-d2L25Y4j+W3ZlNAeMKcy7yDsK425ibcAOO2t7aPTz6gNMH0z2GThtwENCDc0d/Pw9wgyRqE5Px1wkV7naz8ang==",
      "dev": true,
      "license": "MIT",
      "dependencies": {
        "undici-types": "~7.13.0"
      }
    },
    "node_modules/@types/pg": {
      "version": "8.15.5",
      "resolved": "https://registry.npmjs.org/@types/pg/-/pg-8.15.5.tgz",
      "integrity": "sha512-LF7lF6zWEKxuT3/OR8wAZGzkg4ENGXFNyiV/JeOt9z5B+0ZVwbql9McqX5c/WStFq1GaGso7H1AzP/qSzmlCKQ==",
      "dev": true,
      "license": "MIT",
      "dependencies": {
        "@types/node": "*",
        "pg-protocol": "*",
        "pg-types": "^2.2.0"
      }
    },
    "node_modules/pg-int8": {
      "version": "1.0.1",
      "resolved": "https://registry.npmjs.org/pg-int8/-/pg-int8-1.0.1.tgz",
      "integrity": "sha512-WCtabS6t3c8SkpDBUlb1kjOs7l66xsGdKpIPZsg4wR+B3+u9UAum2odSsF9tnvxg80h4ZxLWMy4pRjOsFIqQpw==",
      "dev": true,
      "license": "ISC",
      "engines": {
        "node": ">=4.0.0"
      }
    },
    "node_modules/pg-protocol": {
      "version": "1.10.3",
      "resolved": "https://registry.npmjs.org/pg-protocol/-/pg-protocol-1.10.3.tgz",
      "integrity": "sha512-6DIBgBQaTKDJyxnXaLiLR8wBpQQcGWuAESkRBX/t6OwA8YsqP+iVSiond2EDy6Y/dsGk8rh/jtax3js5NeV7JQ==",
      "dev": true,
      "license": "MIT"
    },
    "node_modules/pg-types": {
      "version": "2.2.0",
      "resolved": "https://registry.npmjs.org/pg-types/-/pg-types-2.2.0.tgz",
      "integrity": "sha512-qTAAlrEsl8s4OiEQY69wDvcMIdQN6wdz5ojQiOy6YRMuynxenON0O5oCpJI6lshc6scgAY8qvJ2On/p+CXY0GA==",
      "dev": true,
      "license": "MIT",
      "dependencies": {
        "pg-int8": "1.0.1",
        "postgres-array": "~2.0.0",
        "postgres-bytea": "~1.0.0",
        "postgres-date": "~1.0.4",
        "postgres-interval": "^1.1.0"
      },
      "engines": {
        "node": ">=4"
      }
    },
    "node_modules/postgres-array": {
      "version": "2.0.0",
      "resolved": "https://registry.npmjs.org/postgres-array/-/postgres-array-2.0.0.tgz",
      "integrity": "sha512-VpZrUqU5A69eQyW2c5CA1jtLecCsN2U/bD6VilrFDWq5+5UIEVO7nazS3TEcHf1zuPYO/sqGvUvW62g86RXZuA==",
      "dev": true,
      "license": "MIT",
      "engines": {
        "node": ">=4"
      }
    },
    "node_modules/postgres-bytea": {
      "version": "1.0.0",
      "resolved": "https://registry.npmjs.org/postgres-bytea/-/postgres-bytea-1.0.0.tgz",
      "integrity": "sha512-xy3pmLuQqRBZBXDULy7KbaitYqLcmxigw14Q5sj8QBVLqEwXfeybIKVWiqAXTlcvdvb0+xkOtDbfQMOf4lST1w==",
      "dev": true,
      "license": "MIT",
      "engines": {
        "node": ">=0.10.0"
      }
    },
    "node_modules/postgres-date": {
      "version": "1.0.7",
      "resolved": "https://registry.npmjs.org/postgres-date/-/postgres-date-1.0.7.tgz",
      "integrity": "sha512-suDmjLVQg78nMK2UZ454hAG+OAW+HQPZ6n++TNDUX+L0+uUlLywnoxJKDou51Zm+zTCjrCl0Nq6J9C5hP9vK/Q==",
      "dev": true,
      "license": "MIT",
      "engines": {
        "node": ">=0.10.0"
      }
    },
    "node_modules/postgres-interval": {
      "version": "1.2.0",
      "resolved": "https://registry.npmjs.org/postgres-interval/-/postgres-interval-1.2.0.tgz",
      "integrity": "sha512-9ZhXKM/rw350N1ovuWHbGxnGh/SNJ4cnxHiM0rxE4VN41wsg8P8zWn9hv/buK00RP4WvlOyr/RBDiptyxVbkZQ==",
      "dev": true,
      "license": "MIT",
      "dependencies": {
        "xtend": "^4.0.0"
      },
      "engines": {
        "node": ">=0.10.0"
      }
    },
    "node_modules/undici-types": {
      "version": "7.13.0",
      "resolved": "https://registry.npmjs.org/undici-types/-/undici-types-7.13.0.tgz",
      "integrity": "sha512-Ov2Rr9Sx+fRgagJ5AX0qvItZG/JKKoBRAVITs1zk7IqZGTJUwgUr7qoYBpWwakpWilTZFM98rG/AFRocu10iIQ==",
      "dev": true,
      "license": "MIT"
    },
    "node_modules/xtend": {
      "version": "4.0.2",
      "resolved": "https://registry.npmjs.org/xtend/-/xtend-4.0.2.tgz",
      "integrity": "sha512-LKYU1iAXJXUgAXn9URjiu+MWhyUXHsvfp7mcuYm9dSUKK0/CjtrUwFAxD82/mCWbtLsGjFIad0wIsod4zrTAEQ==",
      "dev": true,
      "license": "MIT",
      "engines": {
        "node": ">=0.4"
      }
    }
  }
}
